// !$*UTF8*$!
{
	archiveVersion = 1;
	classes = {
	};
	objectVersion = 56;
	objects = {

/* Begin PBXBuildFile section */
		2F4F434B2A4333F200F5421D /* EditProfileView.swift in Sources */ = {isa = PBXBuildFile; fileRef = 2F4F434A2A4333F200F5421D /* EditProfileView.swift */; };
		2F4F434F2A4338EA00F5421D /* NetworkRequest.swift in Sources */ = {isa = PBXBuildFile; fileRef = 2F4F434E2A4338EA00F5421D /* NetworkRequest.swift */; };
		2F4F43532A433AEF00F5421D /* NetworkError.swift in Sources */ = {isa = PBXBuildFile; fileRef = 2F4F43522A433AEF00F5421D /* NetworkError.swift */; };
		2F4F43562A433B6000F5421D /* CountriesRequest.swift in Sources */ = {isa = PBXBuildFile; fileRef = 2F4F43552A433B6000F5421D /* CountriesRequest.swift */; };
		2F4F43582A433BF300F5421D /* CountryFetcher.swift in Sources */ = {isa = PBXBuildFile; fileRef = 2F4F43572A433BF300F5421D /* CountryFetcher.swift */; };
		2F4F435A2A434ED000F5421D /* Country.swift in Sources */ = {isa = PBXBuildFile; fileRef = 2F4F43592A434ED000F5421D /* Country.swift */; };
		2F4F435C2A43AD2F00F5421D /* ImagePicker.swift in Sources */ = {isa = PBXBuildFile; fileRef = 2F4F435B2A43AD2F00F5421D /* ImagePicker.swift */; };
		2F4F435E2A43B32A00F5421D /* ImageSelectionButton.swift in Sources */ = {isa = PBXBuildFile; fileRef = 2F4F435D2A43B32A00F5421D /* ImageSelectionButton.swift */; };
		2FAE46D72A3BF22E00D88E4C /* Profile.swift in Sources */ = {isa = PBXBuildFile; fileRef = 2FAE46D62A3BF22E00D88E4C /* Profile.swift */; };
		2FAE46DA2A3BF4B700D88E4C /* SettingsView.swift in Sources */ = {isa = PBXBuildFile; fileRef = 2FAE46D92A3BF4B700D88E4C /* SettingsView.swift */; };
		2FAEF09D2A38CFFB007D12AA /* TravelAppApp.swift in Sources */ = {isa = PBXBuildFile; fileRef = 2FAEF09C2A38CFFB007D12AA /* TravelAppApp.swift */; };
		2FAEF0A12A38CFFC007D12AA /* Assets.xcassets in Resources */ = {isa = PBXBuildFile; fileRef = 2FAEF0A02A38CFFC007D12AA /* Assets.xcassets */; };
		2FAEF0A42A38CFFC007D12AA /* Preview Assets.xcassets in Resources */ = {isa = PBXBuildFile; fileRef = 2FAEF0A32A38CFFC007D12AA /* Preview Assets.xcassets */; };
		2FAEF0B02A38CFFC007D12AA /* TravelAppTests.swift in Sources */ = {isa = PBXBuildFile; fileRef = 2FAEF0AF2A38CFFC007D12AA /* TravelAppTests.swift */; };
		2FAEF0BA2A38CFFC007D12AA /* TravelAppUITests.swift in Sources */ = {isa = PBXBuildFile; fileRef = 2FAEF0B92A38CFFC007D12AA /* TravelAppUITests.swift */; };
		2FAEF0BC2A38CFFC007D12AA /* TravelAppUITestsLaunchTests.swift in Sources */ = {isa = PBXBuildFile; fileRef = 2FAEF0BB2A38CFFC007D12AA /* TravelAppUITestsLaunchTests.swift */; };
		2FE3AE6F2A4DC19C0095E682 /* Extensions.swift in Sources */ = {isa = PBXBuildFile; fileRef = 2FE3AE6E2A4DC19C0095E682 /* Extensions.swift */; };
		32272C2A2A38DF7600E9926B /* MainView.swift in Sources */ = {isa = PBXBuildFile; fileRef = 32272C292A38DF7600E9926B /* MainView.swift */; };
		32272C2C2A38DFE100E9926B /* ExploreView.swift in Sources */ = {isa = PBXBuildFile; fileRef = 32272C2B2A38DFE100E9926B /* ExploreView.swift */; };
		32272C2E2A38DFF000E9926B /* ProfileView.swift in Sources */ = {isa = PBXBuildFile; fileRef = 32272C2D2A38DFF000E9926B /* ProfileView.swift */; };
		32272C302A38E01D00E9926B /* MyTripsView.swift in Sources */ = {isa = PBXBuildFile; fileRef = 32272C2F2A38E01D00E9926B /* MyTripsView.swift */; };
		32272C322A38E03400E9926B /* SearchView.swift in Sources */ = {isa = PBXBuildFile; fileRef = 32272C312A38E03400E9926B /* SearchView.swift */; };
		32272C342A39D82D00E9926B /* CustomTabItem.swift in Sources */ = {isa = PBXBuildFile; fileRef = 32272C332A39D82D00E9926B /* CustomTabItem.swift */; };
		32272C372A39D8ED00E9926B /* CustomBottomView.swift in Sources */ = {isa = PBXBuildFile; fileRef = 32272C362A39D8ED00E9926B /* CustomBottomView.swift */; };
		32272C392A39DAB800E9926B /* CustomTabView.swift in Sources */ = {isa = PBXBuildFile; fileRef = 32272C382A39DAB800E9926B /* CustomTabView.swift */; };
		323F8B6D2A45E04000FE004D /* TripsView.swift in Sources */ = {isa = PBXBuildFile; fileRef = 323F8B6C2A45E04000FE004D /* TripsView.swift */; };
		325F78A72A4DC50D0088B45C /* TripDetailView.swift in Sources */ = {isa = PBXBuildFile; fileRef = 325F78A62A4DC50D0088B45C /* TripDetailView.swift */; };
		325F78A92A4DE59B0088B45C /* InfoView.swift in Sources */ = {isa = PBXBuildFile; fileRef = 325F78A82A4DE59B0088B45C /* InfoView.swift */; };
		32829FCC2A45C3CA00307D76 /* Localizable.xcstrings in Resources */ = {isa = PBXBuildFile; fileRef = 32829FCB2A45C3CA00307D76 /* Localizable.xcstrings */; };
		32829FCF2A45CCCD00307D76 /* CategoryView.swift in Sources */ = {isa = PBXBuildFile; fileRef = 32829FCE2A45CCCD00307D76 /* CategoryView.swift */; };
		32829FD12A45D5B500307D76 /* CategoriesView.swift in Sources */ = {isa = PBXBuildFile; fileRef = 32829FD02A45D5B500307D76 /* CategoriesView.swift */; };
		32829FD52A45D8A500307D76 /* FIlterTabView.swift in Sources */ = {isa = PBXBuildFile; fileRef = 32829FD42A45D8A500307D76 /* FIlterTabView.swift */; };
		32829FD72A45D93C00307D76 /* FilterTabsView.swift in Sources */ = {isa = PBXBuildFile; fileRef = 32829FD62A45D93C00307D76 /* FilterTabsView.swift */; };
		32829FDA2A45D9F600307D76 /* TripView.swift in Sources */ = {isa = PBXBuildFile; fileRef = 32829FD92A45D9F600307D76 /* TripView.swift */; };
		32E43B782A45E68600AE7E55 /* CustomSearchBar.swift in Sources */ = {isa = PBXBuildFile; fileRef = 32E43B772A45E68600AE7E55 /* CustomSearchBar.swift */; };
		32E43B7A2A49AEF200AE7E55 /* Trip.swift in Sources */ = {isa = PBXBuildFile; fileRef = 32E43B792A49AEF200AE7E55 /* Trip.swift */; };
		32E43B7C2A49AF0500AE7E55 /* Category.swift in Sources */ = {isa = PBXBuildFile; fileRef = 32E43B7B2A49AF0500AE7E55 /* Category.swift */; };
		32E43B7E2A49AFF300AE7E55 /* FilterTab.swift in Sources */ = {isa = PBXBuildFile; fileRef = 32E43B7D2A49AFF300AE7E55 /* FilterTab.swift */; };
/* End PBXBuildFile section */

/* Begin PBXContainerItemProxy section */
		2FAEF0AC2A38CFFC007D12AA /* PBXContainerItemProxy */ = {
			isa = PBXContainerItemProxy;
			containerPortal = 2FAEF0912A38CFFB007D12AA /* Project object */;
			proxyType = 1;
			remoteGlobalIDString = 2FAEF0982A38CFFB007D12AA;
			remoteInfo = TravelApp;
		};
		2FAEF0B62A38CFFC007D12AA /* PBXContainerItemProxy */ = {
			isa = PBXContainerItemProxy;
			containerPortal = 2FAEF0912A38CFFB007D12AA /* Project object */;
			proxyType = 1;
			remoteGlobalIDString = 2FAEF0982A38CFFB007D12AA;
			remoteInfo = TravelApp;
		};
/* End PBXContainerItemProxy section */

/* Begin PBXFileReference section */
		2F4F434A2A4333F200F5421D /* EditProfileView.swift */ = {isa = PBXFileReference; lastKnownFileType = sourcecode.swift; path = EditProfileView.swift; sourceTree = "<group>"; };
		2F4F434E2A4338EA00F5421D /* NetworkRequest.swift */ = {isa = PBXFileReference; lastKnownFileType = sourcecode.swift; path = NetworkRequest.swift; sourceTree = "<group>"; };
		2F4F43522A433AEF00F5421D /* NetworkError.swift */ = {isa = PBXFileReference; lastKnownFileType = sourcecode.swift; path = NetworkError.swift; sourceTree = "<group>"; };
		2F4F43552A433B6000F5421D /* CountriesRequest.swift */ = {isa = PBXFileReference; lastKnownFileType = sourcecode.swift; path = CountriesRequest.swift; sourceTree = "<group>"; };
		2F4F43572A433BF300F5421D /* CountryFetcher.swift */ = {isa = PBXFileReference; lastKnownFileType = sourcecode.swift; path = CountryFetcher.swift; sourceTree = "<group>"; };
		2F4F43592A434ED000F5421D /* Country.swift */ = {isa = PBXFileReference; lastKnownFileType = sourcecode.swift; path = Country.swift; sourceTree = "<group>"; };
		2F4F435B2A43AD2F00F5421D /* ImagePicker.swift */ = {isa = PBXFileReference; lastKnownFileType = sourcecode.swift; path = ImagePicker.swift; sourceTree = "<group>"; };
		2F4F435D2A43B32A00F5421D /* ImageSelectionButton.swift */ = {isa = PBXFileReference; lastKnownFileType = sourcecode.swift; path = ImageSelectionButton.swift; sourceTree = "<group>"; };
		2FAE46D62A3BF22E00D88E4C /* Profile.swift */ = {isa = PBXFileReference; lastKnownFileType = sourcecode.swift; path = Profile.swift; sourceTree = "<group>"; };
		2FAE46D92A3BF4B700D88E4C /* SettingsView.swift */ = {isa = PBXFileReference; lastKnownFileType = sourcecode.swift; path = SettingsView.swift; sourceTree = "<group>"; };
		2FAEF0992A38CFFB007D12AA /* TravelApp.app */ = {isa = PBXFileReference; explicitFileType = wrapper.application; includeInIndex = 0; path = TravelApp.app; sourceTree = BUILT_PRODUCTS_DIR; };
		2FAEF09C2A38CFFB007D12AA /* TravelAppApp.swift */ = {isa = PBXFileReference; lastKnownFileType = sourcecode.swift; path = TravelAppApp.swift; sourceTree = "<group>"; };
		2FAEF0A02A38CFFC007D12AA /* Assets.xcassets */ = {isa = PBXFileReference; lastKnownFileType = folder.assetcatalog; path = Assets.xcassets; sourceTree = "<group>"; };
		2FAEF0A32A38CFFC007D12AA /* Preview Assets.xcassets */ = {isa = PBXFileReference; lastKnownFileType = folder.assetcatalog; path = "Preview Assets.xcassets"; sourceTree = "<group>"; };
		2FAEF0AB2A38CFFC007D12AA /* TravelAppTests.xctest */ = {isa = PBXFileReference; explicitFileType = wrapper.cfbundle; includeInIndex = 0; path = TravelAppTests.xctest; sourceTree = BUILT_PRODUCTS_DIR; };
		2FAEF0AF2A38CFFC007D12AA /* TravelAppTests.swift */ = {isa = PBXFileReference; lastKnownFileType = sourcecode.swift; path = TravelAppTests.swift; sourceTree = "<group>"; };
		2FAEF0B52A38CFFC007D12AA /* TravelAppUITests.xctest */ = {isa = PBXFileReference; explicitFileType = wrapper.cfbundle; includeInIndex = 0; path = TravelAppUITests.xctest; sourceTree = BUILT_PRODUCTS_DIR; };
		2FAEF0B92A38CFFC007D12AA /* TravelAppUITests.swift */ = {isa = PBXFileReference; lastKnownFileType = sourcecode.swift; path = TravelAppUITests.swift; sourceTree = "<group>"; };
		2FAEF0BB2A38CFFC007D12AA /* TravelAppUITestsLaunchTests.swift */ = {isa = PBXFileReference; lastKnownFileType = sourcecode.swift; path = TravelAppUITestsLaunchTests.swift; sourceTree = "<group>"; };
		2FE3AE6E2A4DC19C0095E682 /* Extensions.swift */ = {isa = PBXFileReference; lastKnownFileType = sourcecode.swift; path = Extensions.swift; sourceTree = "<group>"; };
		32272C292A38DF7600E9926B /* MainView.swift */ = {isa = PBXFileReference; lastKnownFileType = sourcecode.swift; path = MainView.swift; sourceTree = "<group>"; };
		32272C2B2A38DFE100E9926B /* ExploreView.swift */ = {isa = PBXFileReference; lastKnownFileType = sourcecode.swift; path = ExploreView.swift; sourceTree = "<group>"; };
		32272C2D2A38DFF000E9926B /* ProfileView.swift */ = {isa = PBXFileReference; lastKnownFileType = sourcecode.swift; path = ProfileView.swift; sourceTree = "<group>"; };
		32272C2F2A38E01D00E9926B /* MyTripsView.swift */ = {isa = PBXFileReference; lastKnownFileType = sourcecode.swift; path = MyTripsView.swift; sourceTree = "<group>"; };
		32272C312A38E03400E9926B /* SearchView.swift */ = {isa = PBXFileReference; lastKnownFileType = sourcecode.swift; path = SearchView.swift; sourceTree = "<group>"; };
		32272C332A39D82D00E9926B /* CustomTabItem.swift */ = {isa = PBXFileReference; lastKnownFileType = sourcecode.swift; path = CustomTabItem.swift; sourceTree = "<group>"; };
		32272C362A39D8ED00E9926B /* CustomBottomView.swift */ = {isa = PBXFileReference; lastKnownFileType = sourcecode.swift; path = CustomBottomView.swift; sourceTree = "<group>"; };
		32272C382A39DAB800E9926B /* CustomTabView.swift */ = {isa = PBXFileReference; lastKnownFileType = sourcecode.swift; path = CustomTabView.swift; sourceTree = "<group>"; };
		323F8B6C2A45E04000FE004D /* TripsView.swift */ = {isa = PBXFileReference; lastKnownFileType = sourcecode.swift; path = TripsView.swift; sourceTree = "<group>"; };
		325F78A62A4DC50D0088B45C /* TripDetailView.swift */ = {isa = PBXFileReference; lastKnownFileType = sourcecode.swift; path = TripDetailView.swift; sourceTree = "<group>"; };
		325F78A82A4DE59B0088B45C /* InfoView.swift */ = {isa = PBXFileReference; lastKnownFileType = sourcecode.swift; path = InfoView.swift; sourceTree = "<group>"; };
		32829FCB2A45C3CA00307D76 /* Localizable.xcstrings */ = {isa = PBXFileReference; lastKnownFileType = text.json.xcstrings; path = Localizable.xcstrings; sourceTree = "<group>"; };
		32829FCE2A45CCCD00307D76 /* CategoryView.swift */ = {isa = PBXFileReference; lastKnownFileType = sourcecode.swift; path = CategoryView.swift; sourceTree = "<group>"; };
		32829FD02A45D5B500307D76 /* CategoriesView.swift */ = {isa = PBXFileReference; lastKnownFileType = sourcecode.swift; path = CategoriesView.swift; sourceTree = "<group>"; };
		32829FD42A45D8A500307D76 /* FIlterTabView.swift */ = {isa = PBXFileReference; lastKnownFileType = sourcecode.swift; path = FIlterTabView.swift; sourceTree = "<group>"; };
		32829FD62A45D93C00307D76 /* FilterTabsView.swift */ = {isa = PBXFileReference; lastKnownFileType = sourcecode.swift; path = FilterTabsView.swift; sourceTree = "<group>"; };
		32829FD92A45D9F600307D76 /* TripView.swift */ = {isa = PBXFileReference; lastKnownFileType = sourcecode.swift; path = TripView.swift; sourceTree = "<group>"; };
		32E43B772A45E68600AE7E55 /* CustomSearchBar.swift */ = {isa = PBXFileReference; lastKnownFileType = sourcecode.swift; path = CustomSearchBar.swift; sourceTree = "<group>"; };
		32E43B792A49AEF200AE7E55 /* Trip.swift */ = {isa = PBXFileReference; lastKnownFileType = sourcecode.swift; path = Trip.swift; sourceTree = "<group>"; };
		32E43B7B2A49AF0500AE7E55 /* Category.swift */ = {isa = PBXFileReference; lastKnownFileType = sourcecode.swift; path = Category.swift; sourceTree = "<group>"; };
		32E43B7D2A49AFF300AE7E55 /* FilterTab.swift */ = {isa = PBXFileReference; lastKnownFileType = sourcecode.swift; path = FilterTab.swift; sourceTree = "<group>"; };
/* End PBXFileReference section */

/* Begin PBXFrameworksBuildPhase section */
		2FAEF0962A38CFFB007D12AA /* Frameworks */ = {
			isa = PBXFrameworksBuildPhase;
			buildActionMask = 2147483647;
			files = (
			);
			runOnlyForDeploymentPostprocessing = 0;
		};
		2FAEF0A82A38CFFC007D12AA /* Frameworks */ = {
			isa = PBXFrameworksBuildPhase;
			buildActionMask = 2147483647;
			files = (
			);
			runOnlyForDeploymentPostprocessing = 0;
		};
		2FAEF0B22A38CFFC007D12AA /* Frameworks */ = {
			isa = PBXFrameworksBuildPhase;
			buildActionMask = 2147483647;
			files = (
			);
			runOnlyForDeploymentPostprocessing = 0;
		};
/* End PBXFrameworksBuildPhase section */

/* Begin PBXGroup section */
		2F4F434C2A4338BA00F5421D /* Services */ = {
			isa = PBXGroup;
			children = (
				2F4F434D2A4338CF00F5421D /* Network */,
				2F4F43572A433BF300F5421D /* CountryFetcher.swift */,
			);
			path = Services;
			sourceTree = "<group>";
		};
		2F4F434D2A4338CF00F5421D /* Network */ = {
			isa = PBXGroup;
			children = (
				2F4F43542A433B4800F5421D /* Countries */,
				2F4F434E2A4338EA00F5421D /* NetworkRequest.swift */,
				2F4F43522A433AEF00F5421D /* NetworkError.swift */,
			);
			path = Network;
			sourceTree = "<group>";
		};
		2F4F43542A433B4800F5421D /* Countries */ = {
			isa = PBXGroup;
			children = (
				2F4F43552A433B6000F5421D /* CountriesRequest.swift */,
			);
			path = Countries;
			sourceTree = "<group>";
		};
		2FAE46D82A3BF48C00D88E4C /* Profile */ = {
			isa = PBXGroup;
			children = (
				32272C2D2A38DFF000E9926B /* ProfileView.swift */,
				2FAE46D92A3BF4B700D88E4C /* SettingsView.swift */,
				2F4F434A2A4333F200F5421D /* EditProfileView.swift */,
			);
			path = Profile;
			sourceTree = "<group>";
		};
		2FAEF0902A38CFFB007D12AA = {
			isa = PBXGroup;
			children = (
				2FAEF09A2A38CFFB007D12AA /* Products */,
				2FAEF09B2A38CFFB007D12AA /* TravelApp */,
				2FAEF0AE2A38CFFC007D12AA /* TravelAppTests */,
				2FAEF0B82A38CFFC007D12AA /* TravelAppUITests */,
			);
			sourceTree = "<group>";
		};
		2FAEF09A2A38CFFB007D12AA /* Products */ = {
			isa = PBXGroup;
			children = (
				2FAEF0992A38CFFB007D12AA /* TravelApp.app */,
				2FAEF0AB2A38CFFC007D12AA /* TravelAppTests.xctest */,
				2FAEF0B52A38CFFC007D12AA /* TravelAppUITests.xctest */,
			);
			name = Products;
			sourceTree = "<group>";
		};
		2FAEF09B2A38CFFB007D12AA /* TravelApp */ = {
			isa = PBXGroup;
			children = (
				2FE3AE6D2A4DC1910095E682 /* Helpers */,
				32829FCB2A45C3CA00307D76 /* Localizable.xcstrings */,
				2FAEF0A02A38CFFC007D12AA /* Assets.xcassets */,
				2FAEF0C92A3A1C2C007D12AA /* Models */,
				2FAEF0A22A38CFFC007D12AA /* Preview Content */,
				2F4F434C2A4338BA00F5421D /* Services */,
				2FAEF09C2A38CFFB007D12AA /* TravelAppApp.swift */,
				2FAEF0C82A3A1BF4007D12AA /* Views */,
			);
			path = TravelApp;
			sourceTree = "<group>";
		};
		2FAEF0A22A38CFFC007D12AA /* Preview Content */ = {
			isa = PBXGroup;
			children = (
				2FAEF0A32A38CFFC007D12AA /* Preview Assets.xcassets */,
			);
			path = "Preview Content";
			sourceTree = "<group>";
		};
		2FAEF0AE2A38CFFC007D12AA /* TravelAppTests */ = {
			isa = PBXGroup;
			children = (
				2FAEF0AF2A38CFFC007D12AA /* TravelAppTests.swift */,
			);
			path = TravelAppTests;
			sourceTree = "<group>";
		};
		2FAEF0B82A38CFFC007D12AA /* TravelAppUITests */ = {
			isa = PBXGroup;
			children = (
				2FAEF0B92A38CFFC007D12AA /* TravelAppUITests.swift */,
				2FAEF0BB2A38CFFC007D12AA /* TravelAppUITestsLaunchTests.swift */,
			);
			path = TravelAppUITests;
			sourceTree = "<group>";
		};
		2FAEF0C82A3A1BF4007D12AA /* Views */ = {
			isa = PBXGroup;
			children = (
				325F78A22A4DC4890088B45C /* CommonViews */,
				32272C292A38DF7600E9926B /* MainView.swift */,
				325F78A12A4DC47B0088B45C /* TripView */,
				325F78A32A4DC4D50088B45C /* TripDetailView */,
				32829FD82A45D94600307D76 /* ExploreView */,
				32272C312A38E03400E9926B /* SearchView.swift */,
				2FAE46D82A3BF48C00D88E4C /* Profile */,
				32272C2F2A38E01D00E9926B /* MyTripsView.swift */,
				2F4F435D2A43B32A00F5421D /* ImageSelectionButton.swift */,
			);
			path = Views;
			sourceTree = "<group>";
		};
		2FAEF0C92A3A1C2C007D12AA /* Models */ = {
			isa = PBXGroup;
			children = (
				2FAE46D62A3BF22E00D88E4C /* Profile.swift */,
				2F4F43592A434ED000F5421D /* Country.swift */,
				32E43B792A49AEF200AE7E55 /* Trip.swift */,
				32E43B7B2A49AF0500AE7E55 /* Category.swift */,
				32E43B7D2A49AFF300AE7E55 /* FilterTab.swift */,
			);
			path = Models;
			sourceTree = "<group>";
		};
		2FE3AE6D2A4DC1910095E682 /* Helpers */ = {
			isa = PBXGroup;
			children = (
				2FE3AE6E2A4DC19C0095E682 /* Extensions.swift */,
			);
			path = Helpers;
			sourceTree = "<group>";
		};
		32272C352A39D8DD00E9926B /* CustomTabView */ = {
			isa = PBXGroup;
			children = (
				32272C332A39D82D00E9926B /* CustomTabItem.swift */,
				32272C362A39D8ED00E9926B /* CustomBottomView.swift */,
				32272C382A39DAB800E9926B /* CustomTabView.swift */,
			);
			path = CustomTabView;
			sourceTree = "<group>";
		};
		325F78A12A4DC47B0088B45C /* TripView */ = {
			isa = PBXGroup;
			children = (
				32829FD92A45D9F600307D76 /* TripView.swift */,
			);
			path = TripView;
			sourceTree = "<group>";
		};
		325F78A22A4DC4890088B45C /* CommonViews */ = {
			isa = PBXGroup;
			children = (
				32272C352A39D8DD00E9926B /* CustomTabView */,
				32E43B762A45E67300AE7E55 /* CustomSearchBar */,
				2F4F435B2A43AD2F00F5421D /* ImagePicker.swift */,
			);
			path = CommonViews;
			sourceTree = "<group>";
		};
		325F78A32A4DC4D50088B45C /* TripDetailView */ = {
			isa = PBXGroup;
			children = (
				325F78A62A4DC50D0088B45C /* TripDetailView.swift */,
				325F78A82A4DE59B0088B45C /* InfoView.swift */,
			);
			path = TripDetailView;
			sourceTree = "<group>";
		};
		32829FCD2A45CCB700307D76 /* CategoriesView */ = {
			isa = PBXGroup;
			children = (
				32829FCE2A45CCCD00307D76 /* CategoryView.swift */,
				32829FD02A45D5B500307D76 /* CategoriesView.swift */,
			);
			path = CategoriesView;
			sourceTree = "<group>";
		};
		32829FD22A45D86700307D76 /* TripsView */ = {
			isa = PBXGroup;
			children = (
				32829FD42A45D8A500307D76 /* FIlterTabView.swift */,
				32829FD62A45D93C00307D76 /* FilterTabsView.swift */,
				323F8B6C2A45E04000FE004D /* TripsView.swift */,
			);
			path = TripsView;
			sourceTree = "<group>";
		};
		32829FD82A45D94600307D76 /* ExploreView */ = {
			isa = PBXGroup;
			children = (
				32272C2B2A38DFE100E9926B /* ExploreView.swift */,
				32829FD22A45D86700307D76 /* TripsView */,
				32829FCD2A45CCB700307D76 /* CategoriesView */,
			);
			path = ExploreView;
			sourceTree = "<group>";
		};
		32E43B762A45E67300AE7E55 /* CustomSearchBar */ = {
			isa = PBXGroup;
			children = (
				32E43B772A45E68600AE7E55 /* CustomSearchBar.swift */,
			);
			path = CustomSearchBar;
			sourceTree = "<group>";
		};
/* End PBXGroup section */

/* Begin PBXNativeTarget section */
		2FAEF0982A38CFFB007D12AA /* TravelApp */ = {
			isa = PBXNativeTarget;
			buildConfigurationList = 2FAEF0BF2A38CFFC007D12AA /* Build configuration list for PBXNativeTarget "TravelApp" */;
			buildPhases = (
				2FAEF0952A38CFFB007D12AA /* Sources */,
				2FAEF0962A38CFFB007D12AA /* Frameworks */,
				2FAEF0972A38CFFB007D12AA /* Resources */,
			);
			buildRules = (
			);
			dependencies = (
			);
			name = TravelApp;
			productName = TravelApp;
			productReference = 2FAEF0992A38CFFB007D12AA /* TravelApp.app */;
			productType = "com.apple.product-type.application";
		};
		2FAEF0AA2A38CFFC007D12AA /* TravelAppTests */ = {
			isa = PBXNativeTarget;
			buildConfigurationList = 2FAEF0C22A38CFFC007D12AA /* Build configuration list for PBXNativeTarget "TravelAppTests" */;
			buildPhases = (
				2FAEF0A72A38CFFC007D12AA /* Sources */,
				2FAEF0A82A38CFFC007D12AA /* Frameworks */,
				2FAEF0A92A38CFFC007D12AA /* Resources */,
			);
			buildRules = (
			);
			dependencies = (
				2FAEF0AD2A38CFFC007D12AA /* PBXTargetDependency */,
			);
			name = TravelAppTests;
			productName = TravelAppTests;
			productReference = 2FAEF0AB2A38CFFC007D12AA /* TravelAppTests.xctest */;
			productType = "com.apple.product-type.bundle.unit-test";
		};
		2FAEF0B42A38CFFC007D12AA /* TravelAppUITests */ = {
			isa = PBXNativeTarget;
			buildConfigurationList = 2FAEF0C52A38CFFC007D12AA /* Build configuration list for PBXNativeTarget "TravelAppUITests" */;
			buildPhases = (
				2FAEF0B12A38CFFC007D12AA /* Sources */,
				2FAEF0B22A38CFFC007D12AA /* Frameworks */,
				2FAEF0B32A38CFFC007D12AA /* Resources */,
			);
			buildRules = (
			);
			dependencies = (
				2FAEF0B72A38CFFC007D12AA /* PBXTargetDependency */,
			);
			name = TravelAppUITests;
			productName = TravelAppUITests;
			productReference = 2FAEF0B52A38CFFC007D12AA /* TravelAppUITests.xctest */;
			productType = "com.apple.product-type.bundle.ui-testing";
		};
/* End PBXNativeTarget section */

/* Begin PBXProject section */
		2FAEF0912A38CFFB007D12AA /* Project object */ = {
			isa = PBXProject;
			attributes = {
				BuildIndependentTargetsInParallel = 1;
				LastSwiftUpdateCheck = 1500;
				LastUpgradeCheck = 1500;
				TargetAttributes = {
					2FAEF0982A38CFFB007D12AA = {
						CreatedOnToolsVersion = 15.0;
					};
					2FAEF0AA2A38CFFC007D12AA = {
						CreatedOnToolsVersion = 15.0;
						TestTargetID = 2FAEF0982A38CFFB007D12AA;
					};
					2FAEF0B42A38CFFC007D12AA = {
						CreatedOnToolsVersion = 15.0;
						TestTargetID = 2FAEF0982A38CFFB007D12AA;
					};
				};
			};
			buildConfigurationList = 2FAEF0942A38CFFB007D12AA /* Build configuration list for PBXProject "TravelApp" */;
			compatibilityVersion = "Xcode 14.0";
			developmentRegion = en;
			hasScannedForEncodings = 0;
			knownRegions = (
				en,
				Base,
			);
			mainGroup = 2FAEF0902A38CFFB007D12AA;
			productRefGroup = 2FAEF09A2A38CFFB007D12AA /* Products */;
			projectDirPath = "";
			projectRoot = "";
			targets = (
				2FAEF0982A38CFFB007D12AA /* TravelApp */,
				2FAEF0AA2A38CFFC007D12AA /* TravelAppTests */,
				2FAEF0B42A38CFFC007D12AA /* TravelAppUITests */,
			);
		};
/* End PBXProject section */

/* Begin PBXResourcesBuildPhase section */
		2FAEF0972A38CFFB007D12AA /* Resources */ = {
			isa = PBXResourcesBuildPhase;
			buildActionMask = 2147483647;
			files = (
				2FAEF0A42A38CFFC007D12AA /* Preview Assets.xcassets in Resources */,
				2FAEF0A12A38CFFC007D12AA /* Assets.xcassets in Resources */,
				32829FCC2A45C3CA00307D76 /* Localizable.xcstrings in Resources */,
			);
			runOnlyForDeploymentPostprocessing = 0;
		};
		2FAEF0A92A38CFFC007D12AA /* Resources */ = {
			isa = PBXResourcesBuildPhase;
			buildActionMask = 2147483647;
			files = (
			);
			runOnlyForDeploymentPostprocessing = 0;
		};
		2FAEF0B32A38CFFC007D12AA /* Resources */ = {
			isa = PBXResourcesBuildPhase;
			buildActionMask = 2147483647;
			files = (
			);
			runOnlyForDeploymentPostprocessing = 0;
		};
/* End PBXResourcesBuildPhase section */

/* Begin PBXSourcesBuildPhase section */
		2FAEF0952A38CFFB007D12AA /* Sources */ = {
			isa = PBXSourcesBuildPhase;
			buildActionMask = 2147483647;
			files = (
				2F4F434F2A4338EA00F5421D /* NetworkRequest.swift in Sources */,
				32272C2E2A38DFF000E9926B /* ProfileView.swift in Sources */,
				2F4F435E2A43B32A00F5421D /* ImageSelectionButton.swift in Sources */,
				2FAE46D72A3BF22E00D88E4C /* Profile.swift in Sources */,
				325F78A92A4DE59B0088B45C /* InfoView.swift in Sources */,
				32829FCF2A45CCCD00307D76 /* CategoryView.swift in Sources */,
				32272C2A2A38DF7600E9926B /* MainView.swift in Sources */,
				32272C342A39D82D00E9926B /* CustomTabItem.swift in Sources */,
				32E43B7E2A49AFF300AE7E55 /* FilterTab.swift in Sources */,
				32272C372A39D8ED00E9926B /* CustomBottomView.swift in Sources */,
				323F8B6D2A45E04000FE004D /* TripsView.swift in Sources */,
				32829FD12A45D5B500307D76 /* CategoriesView.swift in Sources */,
				2F4F43562A433B6000F5421D /* CountriesRequest.swift in Sources */,
				2F4F435C2A43AD2F00F5421D /* ImagePicker.swift in Sources */,
				32E43B7A2A49AEF200AE7E55 /* Trip.swift in Sources */,
				32272C2C2A38DFE100E9926B /* ExploreView.swift in Sources */,
				32829FD72A45D93C00307D76 /* FilterTabsView.swift in Sources */,
				32E43B782A45E68600AE7E55 /* CustomSearchBar.swift in Sources */,
				2F4F434B2A4333F200F5421D /* EditProfileView.swift in Sources */,
				32272C302A38E01D00E9926B /* MyTripsView.swift in Sources */,
				2F4F435A2A434ED000F5421D /* Country.swift in Sources */,
				325F78A72A4DC50D0088B45C /* TripDetailView.swift in Sources */,
				2F4F43532A433AEF00F5421D /* NetworkError.swift in Sources */,
				32272C392A39DAB800E9926B /* CustomTabView.swift in Sources */,
				2FE3AE6F2A4DC19C0095E682 /* Extensions.swift in Sources */,
				32272C322A38E03400E9926B /* SearchView.swift in Sources */,
				2F4F43582A433BF300F5421D /* CountryFetcher.swift in Sources */,
				2FAEF09D2A38CFFB007D12AA /* TravelAppApp.swift in Sources */,
				32829FDA2A45D9F600307D76 /* TripView.swift in Sources */,
				32829FD52A45D8A500307D76 /* FIlterTabView.swift in Sources */,
				2FAE46DA2A3BF4B700D88E4C /* SettingsView.swift in Sources */,
				32E43B7C2A49AF0500AE7E55 /* Category.swift in Sources */,
			);
			runOnlyForDeploymentPostprocessing = 0;
		};
		2FAEF0A72A38CFFC007D12AA /* Sources */ = {
			isa = PBXSourcesBuildPhase;
			buildActionMask = 2147483647;
			files = (
				2FAEF0B02A38CFFC007D12AA /* TravelAppTests.swift in Sources */,
			);
			runOnlyForDeploymentPostprocessing = 0;
		};
		2FAEF0B12A38CFFC007D12AA /* Sources */ = {
			isa = PBXSourcesBuildPhase;
			buildActionMask = 2147483647;
			files = (
				2FAEF0BC2A38CFFC007D12AA /* TravelAppUITestsLaunchTests.swift in Sources */,
				2FAEF0BA2A38CFFC007D12AA /* TravelAppUITests.swift in Sources */,
			);
			runOnlyForDeploymentPostprocessing = 0;
		};
/* End PBXSourcesBuildPhase section */

/* Begin PBXTargetDependency section */
		2FAEF0AD2A38CFFC007D12AA /* PBXTargetDependency */ = {
			isa = PBXTargetDependency;
			target = 2FAEF0982A38CFFB007D12AA /* TravelApp */;
			targetProxy = 2FAEF0AC2A38CFFC007D12AA /* PBXContainerItemProxy */;
		};
		2FAEF0B72A38CFFC007D12AA /* PBXTargetDependency */ = {
			isa = PBXTargetDependency;
			target = 2FAEF0982A38CFFB007D12AA /* TravelApp */;
			targetProxy = 2FAEF0B62A38CFFC007D12AA /* PBXContainerItemProxy */;
		};
/* End PBXTargetDependency section */

/* Begin XCBuildConfiguration section */
		2FAEF0BD2A38CFFC007D12AA /* Debug */ = {
			isa = XCBuildConfiguration;
			buildSettings = {
				ALWAYS_SEARCH_USER_PATHS = NO;
				ASSETCATALOG_COMPILER_GENERATE_SWIFT_ASSET_SYMBOL_EXTENSIONS = YES;
				CLANG_ANALYZER_NONNULL = YES;
				CLANG_ANALYZER_NUMBER_OBJECT_CONVERSION = YES_AGGRESSIVE;
				CLANG_CXX_LANGUAGE_STANDARD = "gnu++20";
				CLANG_ENABLE_MODULES = YES;
				CLANG_ENABLE_OBJC_ARC = YES;
				CLANG_ENABLE_OBJC_WEAK = YES;
				CLANG_WARN_BLOCK_CAPTURE_AUTORELEASING = YES;
				CLANG_WARN_BOOL_CONVERSION = YES;
				CLANG_WARN_COMMA = YES;
				CLANG_WARN_CONSTANT_CONVERSION = YES;
				CLANG_WARN_DEPRECATED_OBJC_IMPLEMENTATIONS = YES;
				CLANG_WARN_DIRECT_OBJC_ISA_USAGE = YES_ERROR;
				CLANG_WARN_DOCUMENTATION_COMMENTS = YES;
				CLANG_WARN_EMPTY_BODY = YES;
				CLANG_WARN_ENUM_CONVERSION = YES;
				CLANG_WARN_INFINITE_RECURSION = YES;
				CLANG_WARN_INT_CONVERSION = YES;
				CLANG_WARN_NON_LITERAL_NULL_CONVERSION = YES;
				CLANG_WARN_OBJC_IMPLICIT_RETAIN_SELF = YES;
				CLANG_WARN_OBJC_LITERAL_CONVERSION = YES;
				CLANG_WARN_OBJC_ROOT_CLASS = YES_ERROR;
				CLANG_WARN_QUOTED_INCLUDE_IN_FRAMEWORK_HEADER = YES;
				CLANG_WARN_RANGE_LOOP_ANALYSIS = YES;
				CLANG_WARN_STRICT_PROTOTYPES = YES;
				CLANG_WARN_SUSPICIOUS_MOVE = YES;
				CLANG_WARN_UNGUARDED_AVAILABILITY = YES_AGGRESSIVE;
				CLANG_WARN_UNREACHABLE_CODE = YES;
				CLANG_WARN__DUPLICATE_METHOD_MATCH = YES;
				COPY_PHASE_STRIP = NO;
				DEBUG_INFORMATION_FORMAT = dwarf;
				ENABLE_STRICT_OBJC_MSGSEND = YES;
				ENABLE_TESTABILITY = YES;
				ENABLE_USER_SCRIPT_SANDBOXING = YES;
				GCC_C_LANGUAGE_STANDARD = gnu17;
				GCC_DYNAMIC_NO_PIC = NO;
				GCC_NO_COMMON_BLOCKS = YES;
				GCC_OPTIMIZATION_LEVEL = 0;
				GCC_PREPROCESSOR_DEFINITIONS = (
					"DEBUG=1",
					"$(inherited)",
				);
				GCC_WARN_64_TO_32_BIT_CONVERSION = YES;
				GCC_WARN_ABOUT_RETURN_TYPE = YES_ERROR;
				GCC_WARN_UNDECLARED_SELECTOR = YES;
				GCC_WARN_UNINITIALIZED_AUTOS = YES_AGGRESSIVE;
				GCC_WARN_UNUSED_FUNCTION = YES;
				GCC_WARN_UNUSED_VARIABLE = YES;
				IPHONEOS_DEPLOYMENT_TARGET = 17.0;
				LOCALIZATION_PREFERS_STRING_CATALOGS = YES;
				MTL_ENABLE_DEBUG_INFO = INCLUDE_SOURCE;
				MTL_FAST_MATH = YES;
				ONLY_ACTIVE_ARCH = YES;
				SDKROOT = iphoneos;
				SWIFT_ACTIVE_COMPILATION_CONDITIONS = "DEBUG $(inherited)";
				SWIFT_OPTIMIZATION_LEVEL = "-Onone";
			};
			name = Debug;
		};
		2FAEF0BE2A38CFFC007D12AA /* Release */ = {
			isa = XCBuildConfiguration;
			buildSettings = {
				ALWAYS_SEARCH_USER_PATHS = NO;
				ASSETCATALOG_COMPILER_GENERATE_SWIFT_ASSET_SYMBOL_EXTENSIONS = YES;
				CLANG_ANALYZER_NONNULL = YES;
				CLANG_ANALYZER_NUMBER_OBJECT_CONVERSION = YES_AGGRESSIVE;
				CLANG_CXX_LANGUAGE_STANDARD = "gnu++20";
				CLANG_ENABLE_MODULES = YES;
				CLANG_ENABLE_OBJC_ARC = YES;
				CLANG_ENABLE_OBJC_WEAK = YES;
				CLANG_WARN_BLOCK_CAPTURE_AUTORELEASING = YES;
				CLANG_WARN_BOOL_CONVERSION = YES;
				CLANG_WARN_COMMA = YES;
				CLANG_WARN_CONSTANT_CONVERSION = YES;
				CLANG_WARN_DEPRECATED_OBJC_IMPLEMENTATIONS = YES;
				CLANG_WARN_DIRECT_OBJC_ISA_USAGE = YES_ERROR;
				CLANG_WARN_DOCUMENTATION_COMMENTS = YES;
				CLANG_WARN_EMPTY_BODY = YES;
				CLANG_WARN_ENUM_CONVERSION = YES;
				CLANG_WARN_INFINITE_RECURSION = YES;
				CLANG_WARN_INT_CONVERSION = YES;
				CLANG_WARN_NON_LITERAL_NULL_CONVERSION = YES;
				CLANG_WARN_OBJC_IMPLICIT_RETAIN_SELF = YES;
				CLANG_WARN_OBJC_LITERAL_CONVERSION = YES;
				CLANG_WARN_OBJC_ROOT_CLASS = YES_ERROR;
				CLANG_WARN_QUOTED_INCLUDE_IN_FRAMEWORK_HEADER = YES;
				CLANG_WARN_RANGE_LOOP_ANALYSIS = YES;
				CLANG_WARN_STRICT_PROTOTYPES = YES;
				CLANG_WARN_SUSPICIOUS_MOVE = YES;
				CLANG_WARN_UNGUARDED_AVAILABILITY = YES_AGGRESSIVE;
				CLANG_WARN_UNREACHABLE_CODE = YES;
				CLANG_WARN__DUPLICATE_METHOD_MATCH = YES;
				COPY_PHASE_STRIP = NO;
				DEBUG_INFORMATION_FORMAT = "dwarf-with-dsym";
				ENABLE_NS_ASSERTIONS = NO;
				ENABLE_STRICT_OBJC_MSGSEND = YES;
				ENABLE_USER_SCRIPT_SANDBOXING = YES;
				GCC_C_LANGUAGE_STANDARD = gnu17;
				GCC_NO_COMMON_BLOCKS = YES;
				GCC_WARN_64_TO_32_BIT_CONVERSION = YES;
				GCC_WARN_ABOUT_RETURN_TYPE = YES_ERROR;
				GCC_WARN_UNDECLARED_SELECTOR = YES;
				GCC_WARN_UNINITIALIZED_AUTOS = YES_AGGRESSIVE;
				GCC_WARN_UNUSED_FUNCTION = YES;
				GCC_WARN_UNUSED_VARIABLE = YES;
				IPHONEOS_DEPLOYMENT_TARGET = 17.0;
				LOCALIZATION_PREFERS_STRING_CATALOGS = YES;
				MTL_ENABLE_DEBUG_INFO = NO;
				MTL_FAST_MATH = YES;
				SDKROOT = iphoneos;
				SWIFT_COMPILATION_MODE = wholemodule;
				VALIDATE_PRODUCT = YES;
			};
			name = Release;
		};
		2FAEF0C02A38CFFC007D12AA /* Debug */ = {
			isa = XCBuildConfiguration;
			buildSettings = {
				ASSETCATALOG_COMPILER_APPICON_NAME = AppIcon;
				ASSETCATALOG_COMPILER_GLOBAL_ACCENT_COLOR_NAME = AccentColor;
				CODE_SIGN_STYLE = Automatic;
				CURRENT_PROJECT_VERSION = 1;
				DEVELOPMENT_ASSET_PATHS = "\"TravelApp/Preview Content\"";
				DEVELOPMENT_TEAM = H5K8CL3D92;
				ENABLE_PREVIEWS = YES;
				GENERATE_INFOPLIST_FILE = YES;
				INFOPLIST_KEY_UIApplicationSceneManifest_Generation = YES;
				INFOPLIST_KEY_UIApplicationSupportsIndirectInputEvents = YES;
				INFOPLIST_KEY_UILaunchScreen_Generation = YES;
				INFOPLIST_KEY_UISupportedInterfaceOrientations_iPad = "UIInterfaceOrientationPortrait UIInterfaceOrientationPortraitUpsideDown UIInterfaceOrientationLandscapeLeft UIInterfaceOrientationLandscapeRight";
				INFOPLIST_KEY_UISupportedInterfaceOrientations_iPhone = "UIInterfaceOrientationPortrait UIInterfaceOrientationLandscapeLeft UIInterfaceOrientationLandscapeRight";
				LD_RUNPATH_SEARCH_PATHS = (
					"$(inherited)",
					"@executable_path/Frameworks",
				);
				MARKETING_VERSION = 1.0;
				PRODUCT_BUNDLE_IDENTIFIER = com.mzellhuber.TravelApp;
				PRODUCT_NAME = "$(TARGET_NAME)";
				SWIFT_EMIT_LOC_STRINGS = YES;
				SWIFT_VERSION = 5.0;
				TARGETED_DEVICE_FAMILY = "1,2";
			};
			name = Debug;
		};
		2FAEF0C12A38CFFC007D12AA /* Release */ = {
			isa = XCBuildConfiguration;
			buildSettings = {
				ASSETCATALOG_COMPILER_APPICON_NAME = AppIcon;
				ASSETCATALOG_COMPILER_GLOBAL_ACCENT_COLOR_NAME = AccentColor;
				CODE_SIGN_STYLE = Automatic;
				CURRENT_PROJECT_VERSION = 1;
				DEVELOPMENT_ASSET_PATHS = "\"TravelApp/Preview Content\"";
				DEVELOPMENT_TEAM = H5K8CL3D92;
				ENABLE_PREVIEWS = YES;
				GENERATE_INFOPLIST_FILE = YES;
				INFOPLIST_KEY_UIApplicationSceneManifest_Generation = YES;
				INFOPLIST_KEY_UIApplicationSupportsIndirectInputEvents = YES;
				INFOPLIST_KEY_UILaunchScreen_Generation = YES;
				INFOPLIST_KEY_UISupportedInterfaceOrientations_iPad = "UIInterfaceOrientationPortrait UIInterfaceOrientationPortraitUpsideDown UIInterfaceOrientationLandscapeLeft UIInterfaceOrientationLandscapeRight";
				INFOPLIST_KEY_UISupportedInterfaceOrientations_iPhone = "UIInterfaceOrientationPortrait UIInterfaceOrientationLandscapeLeft UIInterfaceOrientationLandscapeRight";
				LD_RUNPATH_SEARCH_PATHS = (
					"$(inherited)",
					"@executable_path/Frameworks",
				);
				MARKETING_VERSION = 1.0;
				PRODUCT_BUNDLE_IDENTIFIER = com.mzellhuber.TravelApp;
				PRODUCT_NAME = "$(TARGET_NAME)";
				SWIFT_EMIT_LOC_STRINGS = YES;
				SWIFT_VERSION = 5.0;
				TARGETED_DEVICE_FAMILY = "1,2";
			};
			name = Release;
		};
		2FAEF0C32A38CFFC007D12AA /* Debug */ = {
			isa = XCBuildConfiguration;
			buildSettings = {
				ALWAYS_EMBED_SWIFT_STANDARD_LIBRARIES = YES;
				BUNDLE_LOADER = "$(TEST_HOST)";
				CODE_SIGN_STYLE = Automatic;
				CURRENT_PROJECT_VERSION = 1;
				DEVELOPMENT_TEAM = H5K8CL3D92;
				GENERATE_INFOPLIST_FILE = YES;
				IPHONEOS_DEPLOYMENT_TARGET = 17.0;
				MARKETING_VERSION = 1.0;
				PRODUCT_BUNDLE_IDENTIFIER = com.mzellhuber.TravelAppTests;
				PRODUCT_NAME = "$(TARGET_NAME)";
				SWIFT_EMIT_LOC_STRINGS = NO;
				SWIFT_VERSION = 5.0;
				TARGETED_DEVICE_FAMILY = "1,2";
				TEST_HOST = "$(BUILT_PRODUCTS_DIR)/TravelApp.app/$(BUNDLE_EXECUTABLE_FOLDER_PATH)/TravelApp";
			};
			name = Debug;
		};
		2FAEF0C42A38CFFC007D12AA /* Release */ = {
			isa = XCBuildConfiguration;
			buildSettings = {
				ALWAYS_EMBED_SWIFT_STANDARD_LIBRARIES = YES;
				BUNDLE_LOADER = "$(TEST_HOST)";
				CODE_SIGN_STYLE = Automatic;
				CURRENT_PROJECT_VERSION = 1;
				DEVELOPMENT_TEAM = H5K8CL3D92;
				GENERATE_INFOPLIST_FILE = YES;
				IPHONEOS_DEPLOYMENT_TARGET = 17.0;
				MARKETING_VERSION = 1.0;
				PRODUCT_BUNDLE_IDENTIFIER = com.mzellhuber.TravelAppTests;
				PRODUCT_NAME = "$(TARGET_NAME)";
				SWIFT_EMIT_LOC_STRINGS = NO;
				SWIFT_VERSION = 5.0;
				TARGETED_DEVICE_FAMILY = "1,2";
				TEST_HOST = "$(BUILT_PRODUCTS_DIR)/TravelApp.app/$(BUNDLE_EXECUTABLE_FOLDER_PATH)/TravelApp";
			};
			name = Release;
		};
		2FAEF0C62A38CFFC007D12AA /* Debug */ = {
			isa = XCBuildConfiguration;
			buildSettings = {
				ALWAYS_EMBED_SWIFT_STANDARD_LIBRARIES = YES;
				CODE_SIGN_STYLE = Automatic;
				CURRENT_PROJECT_VERSION = 1;
				DEVELOPMENT_TEAM = H5K8CL3D92;
				GENERATE_INFOPLIST_FILE = YES;
				MARKETING_VERSION = 1.0;
				PRODUCT_BUNDLE_IDENTIFIER = com.mzellhuber.TravelAppUITests;
				PRODUCT_NAME = "$(TARGET_NAME)";
				SWIFT_EMIT_LOC_STRINGS = NO;
				SWIFT_VERSION = 5.0;
				TARGETED_DEVICE_FAMILY = "1,2";
				TEST_TARGET_NAME = TravelApp;
			};
			name = Debug;
		};
		2FAEF0C72A38CFFC007D12AA /* Release */ = {
			isa = XCBuildConfiguration;
			buildSettings = {
				ALWAYS_EMBED_SWIFT_STANDARD_LIBRARIES = YES;
				CODE_SIGN_STYLE = Automatic;
				CURRENT_PROJECT_VERSION = 1;
				DEVELOPMENT_TEAM = H5K8CL3D92;
				GENERATE_INFOPLIST_FILE = YES;
				MARKETING_VERSION = 1.0;
				PRODUCT_BUNDLE_IDENTIFIER = com.mzellhuber.TravelAppUITests;
				PRODUCT_NAME = "$(TARGET_NAME)";
				SWIFT_EMIT_LOC_STRINGS = NO;
				SWIFT_VERSION = 5.0;
				TARGETED_DEVICE_FAMILY = "1,2";
				TEST_TARGET_NAME = TravelApp;
			};
			name = Release;
		};
/* End XCBuildConfiguration section */

/* Begin XCConfigurationList section */
		2FAEF0942A38CFFB007D12AA /* Build configuration list for PBXProject "TravelApp" */ = {
			isa = XCConfigurationList;
			buildConfigurations = (
				2FAEF0BD2A38CFFC007D12AA /* Debug */,
				2FAEF0BE2A38CFFC007D12AA /* Release */,
			);
			defaultConfigurationIsVisible = 0;
			defaultConfigurationName = Release;
		};
		2FAEF0BF2A38CFFC007D12AA /* Build configuration list for PBXNativeTarget "TravelApp" */ = {
			isa = XCConfigurationList;
			buildConfigurations = (
				2FAEF0C02A38CFFC007D12AA /* Debug */,
				2FAEF0C12A38CFFC007D12AA /* Release */,
			);
			defaultConfigurationIsVisible = 0;
			defaultConfigurationName = Release;
		};
		2FAEF0C22A38CFFC007D12AA /* Build configuration list for PBXNativeTarget "TravelAppTests" */ = {
			isa = XCConfigurationList;
			buildConfigurations = (
				2FAEF0C32A38CFFC007D12AA /* Debug */,
				2FAEF0C42A38CFFC007D12AA /* Release */,
			);
			defaultConfigurationIsVisible = 0;
			defaultConfigurationName = Release;
		};
		2FAEF0C52A38CFFC007D12AA /* Build configuration list for PBXNativeTarget "TravelAppUITests" */ = {
			isa = XCConfigurationList;
			buildConfigurations = (
				2FAEF0C62A38CFFC007D12AA /* Debug */,
				2FAEF0C72A38CFFC007D12AA /* Release */,
			);
			defaultConfigurationIsVisible = 0;
			defaultConfigurationName = Release;
		};
/* End XCConfigurationList section */
	};
	rootObject = 2FAEF0912A38CFFB007D12AA /* Project object */;
}
